
Microsoft Visual Studio Solution File, Format Version 11.00
# Visual Studio 2010
Project("{FAE04EC0-301F-11D3-BF4B-00C04F79EFBC}") = "Control_Assignment", "Control_Assignment\Control_Assignment.csproj", "{FE1C4852-561A-44E0-A702-4BB222B1CEC4}"
EndProject
Global
	GlobalSection(SolutionConfigurationPlatforms) = preSolution
		Debug|x86 = Debug|x86
		Release|x86 = Release|x86
	EndGlobalSection
	GlobalSection(ProjectConfigurationPlatforms) = postSolution
		{FE1C4852-561A-44E0-A702-4BB222B1CEC4}.Debug|x86.ActiveCfg = Debug|x86
		{FE1C4852-561A-44E0-A702-4BB222B1CEC4}.Debug|x86.Build.0 = Debug|x86
		{FE1C4852-561A-44E0-A702-4BB222B1CEC4}.Release|x86.ActiveCfg = Release|x86
		{FE1C4852-561A-44E0-A702-4BB222B1CEC4}.Release|x86.Build.0 = Release|x86
	EndGlobalSection
	GlobalSection(SolutionProperties) = preSolution
		HideSolutionNode = FALSE
	EndGlobalSection
EndGlobal
